
Microsoft Visual Studio Solution File, Format Version 12.00
# Visual Studio Version 17
VisualStudioVersion = 17.0.31903.59
MinimumVisualStudioVersion = 10.0.40219.1
Project("{FAE04EC0-301F-11D3-BF4B-00C04F79EFBC}") = "YTDL", "YTDL\YTDL.csproj", "{DE273DDD-9462-43E2-A11C-AD99F8E66077}"
EndProject
Global
	GlobalSection(SolutionConfigurationPlatforms) = preSolution
		Debug|Any CPU = Debug|Any CPU
		Release|Any CPU = Release|Any CPU
	EndGlobalSection
	GlobalSection(ProjectConfigurationPlatforms) = postSolution
		{DE273DDD-9462-43E2-A11C-AD99F8E66077}.Debug|Any CPU.ActiveCfg = Debug|Any CPU
		{DE273DDD-9462-43E2-A11C-AD99F8E66077}.Debug|Any CPU.Build.0 = Debug|Any CPU
		{DE273DDD-9462-43E2-A11C-AD99F8E66077}.Release|Any CPU.ActiveCfg = Release|Any CPU
		{DE273DDD-9462-43E2-A11C-AD99F8E66077}.Release|Any CPU.Build.0 = Release|Any CPU
	EndGlobalSection
	GlobalSection(SolutionProperties) = preSolution
		HideSolutionNode = FALSE
	EndGlobalSection
	GlobalSection(ExtensibilityGlobals) = postSolution
		SolutionGuid = {3CE4FF88-B676-495A-8D27-2D1E7B535523}
	EndGlobalSection
EndGlobal
